
Microsoft Visual Studio Solution File, Format Version 12.00
# Visual Studio 2015
Project("{FAE04EC0-301F-11D3-BF4B-00C04F79EFBC}") = "GLR GameJam 2016.CSharp", "GLR GameJam 2016.CSharp.csproj", "{2DCB3343-2D63-12F5-F40A-CCAF8FEC9703}"
EndProject
Project("{FAE04EC0-301F-11D3-BF4B-00C04F79EFBC}") = "GLR GameJam 2016.CSharp.Editor", "GLR GameJam 2016.CSharp.Editor.csproj", "{6A8C7A51-B890-1AE9-5EE2-1C0388D990ED}"
EndProject
Global
	GlobalSection(SolutionConfigurationPlatforms) = preSolution
		Debug|Any CPU = Debug|Any CPU
		Release|Any CPU = Release|Any CPU
	EndGlobalSection
	GlobalSection(ProjectConfigurationPlatforms) = postSolution
		{2DCB3343-2D63-12F5-F40A-CCAF8FEC9703}.Debug|Any CPU.ActiveCfg = Debug|Any CPU
		{2DCB3343-2D63-12F5-F40A-CCAF8FEC9703}.Debug|Any CPU.Build.0 = Debug|Any CPU
		{2DCB3343-2D63-12F5-F40A-CCAF8FEC9703}.Release|Any CPU.ActiveCfg = Release|Any CPU
		{2DCB3343-2D63-12F5-F40A-CCAF8FEC9703}.Release|Any CPU.Build.0 = Release|Any CPU
		{6A8C7A51-B890-1AE9-5EE2-1C0388D990ED}.Debug|Any CPU.ActiveCfg = Debug|Any CPU
		{6A8C7A51-B890-1AE9-5EE2-1C0388D990ED}.Debug|Any CPU.Build.0 = Debug|Any CPU
		{6A8C7A51-B890-1AE9-5EE2-1C0388D990ED}.Release|Any CPU.ActiveCfg = Release|Any CPU
		{6A8C7A51-B890-1AE9-5EE2-1C0388D990ED}.Release|Any CPU.Build.0 = Release|Any CPU
	EndGlobalSection
	GlobalSection(SolutionProperties) = preSolution
		HideSolutionNode = FALSE
	EndGlobalSection
EndGlobal
